{
  "name": "sisense-playwright-ts-tests-examples",
  "version": "1.0.0",
  "lockfileVersion": 3,
  "requires": true,
  "packages": {
    "": {
      "name": "sisense-playwright-ts-tests-examples",
      "version": "1.0.0",
      "license": "ISC",
      "devDependencies": {
        "@playwright/test": "^1.44.0",
        "@types/node": "^20.10.6",
        "@types/uuid": "^9.0.1",
        "generate-password-ts": "^1.6.5",
        "uuid": "^9.0.0"
      }
    },
    "node_modules/@playwright/test": {
      "version": "1.44.0",
      "resolved": "https://registry.npmjs.org/@playwright/test/-/test-1.44.0.tgz",
      "integrity": "sha512-rNX5lbNidamSUorBhB4XZ9SQTjAqfe5M+p37Z8ic0jPFBMo5iCtQz1kRWkEMg+rYOKSlVycpQmpqjSFq7LXOfg==",
      "dev": true,
      "dependencies": {
        "playwright": "1.44.0"
      },
      "bin": {
        "playwright": "cli.js"
      },
      "engines": {
        "node": ">=16"
      }
    },
    "node_modules/@types/node": {
      "version": "20.10.6",
      "resolved": "https://registry.npmjs.org/@types/node/-/node-20.10.6.tgz",
      "integrity": "sha512-Vac8H+NlRNNlAmDfGUP7b5h/KA+AtWIzuXy0E6OyP8f1tCLYAtPvKRRDJjAPqhpCb0t6U2j7/xqAuLEebW2kiw==",
      "dev": true,
      "dependencies": {
        "undici-types": "~5.26.4"
      }
    },
    "node_modules/@types/uuid": {
      "version": "9.0.7",
      "resolved": "https://registry.npmjs.org/@types/uuid/-/uuid-9.0.7.tgz",
      "integrity": "sha512-WUtIVRUZ9i5dYXefDEAI7sh9/O7jGvHg7Df/5O/gtH3Yabe5odI3UWopVR1qbPXQtvOxWu3mM4XxlYeZtMWF4g==",
      "dev": true
    },
    "node_modules/fsevents": {
      "version": "2.3.2",
      "resolved": "https://registry.npmjs.org/fsevents/-/fsevents-2.3.2.tgz",
      "integrity": "sha512-xiqMQR4xAeHTuB9uWm+fFRcIOgKBMiOBP+eXiyT7jsgVCq1bkVygt00oASowB7EdtpOHaaPgKt812P9ab+DDKA==",
      "dev": true,
      "hasInstallScript": true,
      "optional": true,
      "os": [
        "darwin"
      ],
      "engines": {
        "node": "^8.16.0 || ^10.6.0 || >=11.0.0"
      }
    },
    "node_modules/generate-password-ts": {
      "version": "1.6.5",
      "resolved": "https://registry.npmjs.org/generate-password-ts/-/generate-password-ts-1.6.5.tgz",
      "integrity": "sha512-MTvcuBZWQChMlqRVK3PGBmF/QdYkSL3YuTfoxbLy8GExa+VDkB0vybQhXBiT0TsBLvDvTC+7OIT1ptsYFpXpGA==",
      "dev": true,
      "dependencies": {
        "js-crypto-random": "1.0.4"
      }
    },
    "node_modules/js-crypto-env": {
      "version": "1.0.5",
      "resolved": "https://registry.npmjs.org/js-crypto-env/-/js-crypto-env-1.0.5.tgz",
      "integrity": "sha512-8/UNN3sG8J+yMzqwSNVaobaWhIz4MqZFoOg5OB0DFXqS8eFjj2YvdmLJqIWXPl57Yw10SvYx0DQOtkfsWIV9Aw==",
      "dev": true
    },
    "node_modules/js-crypto-random": {
      "version": "1.0.4",
      "resolved": "https://registry.npmjs.org/js-crypto-random/-/js-crypto-random-1.0.4.tgz",
      "integrity": "sha512-ldTK4y+ymaXWFL13EUh+Kvl3/UQ2GdfqDbI4ScNYS0/T2knijM9duOXO8qd9e6RYwdrOupyiAu4o538VQnktuw==",
      "dev": true,
      "dependencies": {
        "js-crypto-env": "^1.0.4"
      }
    },
    "node_modules/playwright": {
      "version": "1.44.0",
      "resolved": "https://registry.npmjs.org/playwright/-/playwright-1.44.0.tgz",
      "integrity": "sha512-F9b3GUCLQ3Nffrfb6dunPOkE5Mh68tR7zN32L4jCk4FjQamgesGay7/dAAe1WaMEGV04DkdJfcJzjoCKygUaRQ==",
      "dev": true,
      "dependencies": {
        "playwright-core": "1.44.0"
      },
      "bin": {
        "playwright": "cli.js"
      },
      "engines": {
        "node": ">=16"
      },
      "optionalDependencies": {
        "fsevents": "2.3.2"
      }
    },
    "node_modules/playwright-core": {
      "version": "1.44.0",
      "resolved": "https://registry.npmjs.org/playwright-core/-/playwright-core-1.44.0.tgz",
      "integrity": "sha512-ZTbkNpFfYcGWohvTTl+xewITm7EOuqIqex0c7dNZ+aXsbrLj0qI8XlGKfPpipjm0Wny/4Lt4CJsWJk1stVS5qQ==",
      "dev": true,
      "bin": {
        "playwright-core": "cli.js"
      },
      "engines": {
        "node": ">=16"
      }
    },
    "node_modules/undici-types": {
      "version": "5.26.5",
      "resolved": "https://registry.npmjs.org/undici-types/-/undici-types-5.26.5.tgz",
      "integrity": "sha512-JlCMO+ehdEIKqlFxk6IfVoAUVmgz7cU7zD/h9XZ0qzeosSHmUJVOzSQvvYSYWXkFXC+IfLKSIffhv0sVZup6pA==",
      "dev": true
    },
    "node_modules/uuid": {
      "version": "9.0.1",
      "resolved": "https://registry.npmjs.org/uuid/-/uuid-9.0.1.tgz",
      "integrity": "sha512-b+1eJOlsR9K8HJpow9Ok3fiWOWSIcIzXodvv0rQjVoOVNpWMpxf1wZNpt4y9h10odCNrqnYp1OBzRktckBe3sA==",
      "dev": true,
      "funding": [
        "https://github.com/sponsors/broofa",
        "https://github.com/sponsors/ctavan"
      ],
      "bin": {
        "uuid": "dist/bin/uuid"
      }
    }
  }
}
